
Microsoft Visual Studio Solution File, Format Version 12.00
# Visual Studio Version 16
VisualStudioVersion = 16.0.30907.101
MinimumVisualStudioVersion = 10.0.40219.1
Project("{FAE04EC0-301F-11D3-BF4B-00C04F79EFBC}") = "Tictactoe", "Tictactoe\Tictactoe.csproj", "{BDB4DB4E-8EA2-4231-92E8-AB952DB92102}"
EndProject
Global
	GlobalSection(SolutionConfigurationPlatforms) = preSolution
		Debug|Any CPU = Debug|Any CPU
		Release|Any CPU = Release|Any CPU
	EndGlobalSection
	GlobalSection(ProjectConfigurationPlatforms) = postSolution
		{BDB4DB4E-8EA2-4231-92E8-AB952DB92102}.Debug|Any CPU.ActiveCfg = Debug|Any CPU
		{BDB4DB4E-8EA2-4231-92E8-AB952DB92102}.Debug|Any CPU.Build.0 = Debug|Any CPU
		{BDB4DB4E-8EA2-4231-92E8-AB952DB92102}.Release|Any CPU.ActiveCfg = Release|Any CPU
		{BDB4DB4E-8EA2-4231-92E8-AB952DB92102}.Release|Any CPU.Build.0 = Release|Any CPU
	EndGlobalSection
	GlobalSection(SolutionProperties) = preSolution
		HideSolutionNode = FALSE
	EndGlobalSection
	GlobalSection(ExtensibilityGlobals) = postSolution
		SolutionGuid = {BCE489E8-4DEA-4D56-BBE6-8AF2BD6598C4}
	EndGlobalSection
EndGlobal
